
Microsoft Visual Studio Solution File, Format Version 12.00
# Visual Studio Version 17
VisualStudioVersion = 17.3.32922.545
MinimumVisualStudioVersion = 10.0.40219.1
Project("{FAE04EC0-301F-11D3-BF4B-00C04F79EFBC}") = "TE_CODEFIRST", "TE_CODEFIRST.csproj", "{B566B4B0-6476-47F7-9824-58EC3EA7AB2F}"
EndProject
Global
	GlobalSection(SolutionConfigurationPlatforms) = preSolution
		Debug|Any CPU = Debug|Any CPU
		Release|Any CPU = Release|Any CPU
	EndGlobalSection
	GlobalSection(ProjectConfigurationPlatforms) = postSolution
		{B566B4B0-6476-47F7-9824-58EC3EA7AB2F}.Debug|Any CPU.ActiveCfg = Debug|Any CPU
		{B566B4B0-6476-47F7-9824-58EC3EA7AB2F}.Debug|Any CPU.Build.0 = Debug|Any CPU
		{B566B4B0-6476-47F7-9824-58EC3EA7AB2F}.Release|Any CPU.ActiveCfg = Release|Any CPU
		{B566B4B0-6476-47F7-9824-58EC3EA7AB2F}.Release|Any CPU.Build.0 = Release|Any CPU
	EndGlobalSection
	GlobalSection(SolutionProperties) = preSolution
		HideSolutionNode = FALSE
	EndGlobalSection
	GlobalSection(ExtensibilityGlobals) = postSolution
		SolutionGuid = {67CE8B95-71F8-487F-AD0A-F3657DCD2E71}
	EndGlobalSection
EndGlobal
